{
  "lockfileVersion": 1,
  "configVersion": 1,
  "workspaces": {
    "": {
      "name": "bid-minimal-app",
      "dependencies": {
        "@broberg/sso": "0.3.0",
        "hono": "^4.6.14",
      },
    },
  },
  "packages": {
    "@broberg/sso": ["@broberg/sso@0.3.0", "", { "dependencies": { "jose": "^6" }, "peerDependencies": { "hono": "^4" }, "optionalPeers": ["hono"] }, "sha512-Kl2G0FKi9Ll7j+VyrRInF7P2D44MWynbzdq3sFWdA2sqkTz/JlwWLihRfqkwdmWcHY5zFF6Fz9geBTrkIGrohw=="],

    "hono": ["hono@4.13.8", "", {}, "sha512-/Gng7NfoykZl2pjukW5Z6+8Yxm3BPRf86GTbQnt0SbySkvax4fyL4H3HhY1cCpBGmiW9XDRFzRV+CXK2W8QudQ=="],

    "jose": ["jose@6.2.12", "", {}, "sha512-9NiFmJEex0sy2Dk58j2UGBSHgUs2ypF9eZSu4L6vjOX3Dp96Sw1F3uL+H+D1sx02jZZdzUT0HgvCy59CuvXcWw=="],
  }
}
